
Microsoft Visual Studio Solution File, Format Version 12.00
# Visual Studio Version 16
VisualStudioVersion = 16.0.29306.81
MinimumVisualStudioVersion = 10.0.40219.1
Project("{FAE04EC0-301F-11D3-BF4B-00C04F79EFBC}") = "Key-Value Store", "Key-Value Store.csproj", "{EE049718-DED3-4FED-A17B-237E15232043}"
EndProject
Project("{FAE04EC0-301F-11D3-BF4B-00C04F79EFBC}") = "Generic", "..\Generic\Generic.csproj", "{B9FEDA50-1EDD-4387-9F9F-F7DAC9BF2D48}"
EndProject
Global
	GlobalSection(SolutionConfigurationPlatforms) = preSolution
		Debug|Any CPU = Debug|Any CPU
		Release|Any CPU = Release|Any CPU
	EndGlobalSection
	GlobalSection(ProjectConfigurationPlatforms) = postSolution
		{EE049718-DED3-4FED-A17B-237E15232043}.Debug|Any CPU.ActiveCfg = Debug|Any CPU
		{EE049718-DED3-4FED-A17B-237E15232043}.Debug|Any CPU.Build.0 = Debug|Any CPU
		{EE049718-DED3-4FED-A17B-237E15232043}.Release|Any CPU.ActiveCfg = Release|Any CPU
		{EE049718-DED3-4FED-A17B-237E15232043}.Release|Any CPU.Build.0 = Release|Any CPU
		{B9FEDA50-1EDD-4387-9F9F-F7DAC9BF2D48}.Debug|Any CPU.ActiveCfg = Debug|Any CPU
		{B9FEDA50-1EDD-4387-9F9F-F7DAC9BF2D48}.Debug|Any CPU.Build.0 = Debug|Any CPU
		{B9FEDA50-1EDD-4387-9F9F-F7DAC9BF2D48}.Release|Any CPU.ActiveCfg = Release|Any CPU
		{B9FEDA50-1EDD-4387-9F9F-F7DAC9BF2D48}.Release|Any CPU.Build.0 = Release|Any CPU
	EndGlobalSection
	GlobalSection(SolutionProperties) = preSolution
		HideSolutionNode = FALSE
	EndGlobalSection
	GlobalSection(ExtensibilityGlobals) = postSolution
		SolutionGuid = {32DDF04E-FF32-4EBD-A66B-19DDEB0E102F}
	EndGlobalSection
EndGlobal
